
Microsoft Visual Studio Solution File, Format Version 12.00
# Visual Studio Version 17
VisualStudioVersion = 17.7.34018.315
MinimumVisualStudioVersion = 10.0.40219.1
Project("{FAE04EC0-301F-11D3-BF4B-00C04F79EFBC}") = "LavrentevKT3122lb1", "LavrentevKT3122lb1\LavrentevKT3122lb1.csproj", "{B3DD8DF0-3B34-47A7-B8A4-FB70F2FE1082}"
EndProject
Project("{FAE04EC0-301F-11D3-BF4B-00C04F79EFBC}") = "LavrentevSerkeyKt-31-22.Tests", "LavrentevSerkeyKt-31-22.Tests\LavrentevSerkeyKt-31-22.Tests.csproj", "{85BF1B67-4777-46CC-B703-AB131E5BDE06}"
EndProject
Global
	GlobalSection(SolutionConfigurationPlatforms) = preSolution
		Debug|Any CPU = Debug|Any CPU
		Release|Any CPU = Release|Any CPU
	EndGlobalSection
	GlobalSection(ProjectConfigurationPlatforms) = postSolution
		{B3DD8DF0-3B34-47A7-B8A4-FB70F2FE1082}.Debug|Any CPU.ActiveCfg = Debug|Any CPU
		{B3DD8DF0-3B34-47A7-B8A4-FB70F2FE1082}.Debug|Any CPU.Build.0 = Debug|Any CPU
		{B3DD8DF0-3B34-47A7-B8A4-FB70F2FE1082}.Release|Any CPU.ActiveCfg = Release|Any CPU
		{B3DD8DF0-3B34-47A7-B8A4-FB70F2FE1082}.Release|Any CPU.Build.0 = Release|Any CPU
		{85BF1B67-4777-46CC-B703-AB131E5BDE06}.Debug|Any CPU.ActiveCfg = Debug|Any CPU
		{85BF1B67-4777-46CC-B703-AB131E5BDE06}.Debug|Any CPU.Build.0 = Debug|Any CPU
		{85BF1B67-4777-46CC-B703-AB131E5BDE06}.Release|Any CPU.ActiveCfg = Release|Any CPU
		{85BF1B67-4777-46CC-B703-AB131E5BDE06}.Release|Any CPU.Build.0 = Release|Any CPU
	EndGlobalSection
	GlobalSection(SolutionProperties) = preSolution
		HideSolutionNode = FALSE
	EndGlobalSection
	GlobalSection(ExtensibilityGlobals) = postSolution
		SolutionGuid = {69D48DED-59B8-4B9B-93AE-5D254BFAD225}
	EndGlobalSection
EndGlobal
